lockfileVersion: '9.0'

settings:
  autoInstallPeers: true
  excludeLinksFromLockfile: false

importers:

  .:
    devDependencies:
      '@biomejs/biome':
        specifier: ^1.8.0
        version: 1.8.0

packages:

  '@biomejs/biome@1.8.0':
    resolution: {integrity: sha512-34xcE2z8GWrIz1sCFEmlHT/+4d+SN7YOqqvzlAKXKvaWPRJ2/NUwxPbRsP01P9QODkQ5bvGvc9rpBihmP+7RJQ==}
    engines: {node: '>=14.21.3'}
    hasBin: true

  '@biomejs/cli-darwin-arm64@1.8.0':
    resolution: {integrity: sha512-dBAYzfIJ1JmWigKlWourT3sJ3I60LZPjqNwwlsyFjiv5AV7vPeWlHVVIImV2BpINwNjZQhpXnwDfVnGS4vr7AA==}
    engines: {node: '>=14.21.3'}
    cpu: [arm64]
    os: [darwin]

  '@biomejs/cli-darwin-x64@1.8.0':
    resolution: {integrity: sha512-ZTTSD0bP0nn9UpRDGQrQNTILcYSj+IkxTYr3CAV64DWBDtQBomlk2oVKWzDaA1LOhpAsTh0giLCbPJaVk2jfMQ==}
    engines: {node: '>=14.21.3'}
    cpu: [x64]
    os: [darwin]

  '@biomejs/cli-linux-arm64-musl@1.8.0':
    resolution: {integrity: sha512-+ee/pZWsvhDv6eRI00krRNSgAg8DKSxzOv3LUsCjto6N1VzqatTASeQv2HRfG1nitf79rRKM75LkMJbqEfiKww==}
    engines: {node: '>=14.21.3'}
    cpu: [arm64]
    os: [linux]

  '@biomejs/cli-linux-arm64@1.8.0':
    resolution: {integrity: sha512-cx725jTlJS6dskvJJwwCQaaMRBKE2Qss7ukzmx27Rn/DXRxz6tnnBix4FUGPf1uZfwrERkiJlbWM05JWzpvvXg==}
    engines: {node: '>=14.21.3'}
    cpu: [arm64]
    os: [linux]

  '@biomejs/cli-linux-x64-musl@1.8.0':
    resolution: {integrity: sha512-VPA4ocrAOak50VYl8gOAVnjuFFDpIUolShntc/aWM0pZfSIMbRucxnrfUfp44EVwayxjK6ruJTR5xEWj93WvDA==}
    engines: {node: '>=14.21.3'}
    cpu: [x64]
    os: [linux]

  '@biomejs/cli-linux-x64@1.8.0':
    resolution: {integrity: sha512-cmgmhlD4QUxMhL1VdaNqnB81xBHb3R7huVNyYnPYzP+AykZ7XqJbPd1KcWAszNjUk2AHdx0aLKEBwCOWemxb2g==}
    engines: {node: '>=14.21.3'}
    cpu: [x64]
    os: [linux]

  '@biomejs/cli-win32-arm64@1.8.0':
    resolution: {integrity: sha512-J31spvlh39FfRHQacYXxJX9PvTCH/a8+2Jx9D1lxw+LSF0JybqZcw/4JrlFUWUl4kF3yv8AuYUK0sENScc3g9w==}
    engines: {node: '>=14.21.3'}
    cpu: [arm64]
    os: [win32]

  '@biomejs/cli-win32-x64@1.8.0':
    resolution: {integrity: sha512-uPHHvu76JC1zYe9zZDcOU9PAg+1MZmPuNgWkb5jljaDeATvzLFPB+0nuJTilf603LXL+E8IdPQAO61Wy2VuEJA==}
    engines: {node: '>=14.21.3'}
    cpu: [x64]
    os: [win32]

snapshots:

  '@biomejs/biome@1.8.0':
    optionalDependencies:
      '@biomejs/cli-darwin-arm64': 1.8.0
      '@biomejs/cli-darwin-x64': 1.8.0
      '@biomejs/cli-linux-arm64': 1.8.0
      '@biomejs/cli-linux-arm64-musl': 1.8.0
      '@biomejs/cli-linux-x64': 1.8.0
      '@biomejs/cli-linux-x64-musl': 1.8.0
      '@biomejs/cli-win32-arm64': 1.8.0
      '@biomejs/cli-win32-x64': 1.8.0

  '@biomejs/cli-darwin-arm64@1.8.0':
    optional: true

  '@biomejs/cli-darwin-x64@1.8.0':
    optional: true

  '@biomejs/cli-linux-arm64-musl@1.8.0':
    optional: true

  '@biomejs/cli-linux-arm64@1.8.0':
    optional: true

  '@biomejs/cli-linux-x64-musl@1.8.0':
    optional: true

  '@biomejs/cli-linux-x64@1.8.0':
    optional: true

  '@biomejs/cli-win32-arm64@1.8.0':
    optional: true

  '@biomejs/cli-win32-x64@1.8.0':
    optional: true
