lockfileVersion: '6.0'

settings:
  autoInstallPeers: true
  excludeLinksFromLockfile: false

devDependencies:
  '@mdn/browser-compat-data':
    specifier: 5.5.16
    version: 5.5.16
  '@types/node':
    specifier: ^20.11
    version: 20.12.7

packages:

  /@mdn/browser-compat-data@5.5.16:
    resolution: {integrity: sha512-za4DOflM2h73Rs2ORnhS2IU73sVRjrN4x5ZmOZ8WgLCSOVuZ1+y1K0NQKy8xqaPW52ezN+ni2N2RBUKt532ULA==}
    dev: true

  /@types/node@20.12.7:
    resolution: {integrity: sha512-wq0cICSkRLVaf3UGLMGItu/PtdY7oaXaI/RVU+xliKVOtRna3PRY57ZDfztpDL0n11vfymMUnXv8QwYCO7L1wg==}
    dependencies:
      undici-types: 5.26.5
    dev: true

  /undici-types@5.26.5:
    resolution: {integrity: sha512-JlCMO+ehdEIKqlFxk6IfVoAUVmgz7cU7zD/h9XZ0qzeosSHmUJVOzSQvvYSYWXkFXC+IfLKSIffhv0sVZup6pA==}
    dev: true
